
Microsoft Visual Studio Solution File, Format Version 12.00
# Visual Studio 14
VisualStudioVersion = 14.0.25420.1
MinimumVisualStudioVersion = 10.0.40219.1
Project("{FAE04EC0-301F-11D3-BF4B-00C04F79EFBC}") = "dxf_native", "dxf_native\dxf_native.csproj", "{D56EED21-EE2C-441C-B0D5-E85F10436CEA}"
EndProject
Project("{FAE04EC0-301F-11D3-BF4B-00C04F79EFBC}") = "dxf_api", "dxf_api\dxf_api.csproj", "{F0E087DF-6C09-42FF-90FF-A470B3391F76}"
EndProject
Project("{FAE04EC0-301F-11D3-BF4B-00C04F79EFBC}") = "dxf_tests", "dxf_tests\dxf_tests.csproj", "{4CEB9C5E-9D03-4383-BD96-5FD085AF3263}"
EndProject
Project("{2150E333-8FDC-42A3-9474-1A3956D46DE8}") = ".nuget", ".nuget", "{A9A4BCC7-EA34-4302-B8E3-993E26F746C9}"
	ProjectSection(SolutionItems) = preProject
		.nuget\packages.config = .nuget\packages.config
	EndProjectSection
EndProject
Project("{FAE04EC0-301F-11D3-BF4B-00C04F79EFBC}") = "dxf_client", "dxf_client\dxf_client.csproj", "{45D91ED6-CB30-41F0-832C-04AFBCED76F1}"
EndProject
Project("{2150E333-8FDC-42A3-9474-1A3956D46DE8}") = "samples", "samples", "{4C3AA050-1D5F-43C7-90B1-95D04B6763C8}"
EndProject
Project("{FAE04EC0-301F-11D3-BF4B-00C04F79EFBC}") = "dxf_instrument_profile_sample", "samples\dxf_instrument_profile_sample\dxf_instrument_profile_sample.csproj", "{204B8B89-5F49-42B0-913C-D0CFC6E5F7D2}"
EndProject
Project("{FAE04EC0-301F-11D3-BF4B-00C04F79EFBC}") = "dxf_candle_sample", "samples\dxf_candle_sample\dxf_candle_sample.csproj", "{86D53D61-BEB0-41D9-A4B1-E3D89A260D65}"
EndProject
Project("{FAE04EC0-301F-11D3-BF4B-00C04F79EFBC}") = "dxf_snapshot_sample", "samples\dxf_snapshot_sample\dxf_snapshot_sample.csproj", "{82A45A60-DA2A-4A38-A961-F110F6B70900}"
EndProject
Project("{FAE04EC0-301F-11D3-BF4B-00C04F79EFBC}") = "dxf_events_sample", "samples\dxf_events_sample\dxf_events_sample.csproj", "{7ABE7433-BD9A-4455-89D1-6CF46853C40C}"
EndProject
Project("{FAE04EC0-301F-11D3-BF4B-00C04F79EFBC}") = "dxf_instrument_profile_live_sample", "samples\dxf_instrument_profile_live_sample\dxf_instrument_profile_live_sample.csproj", "{93A06E32-50A6-4071-883B-34B5C3EDAE55}"
EndProject
Project("{FAE04EC0-301F-11D3-BF4B-00C04F79EFBC}") = "dxf_option_chain_sample", "samples\dxf_option_chain_sample\dxf_option_chain_sample.csproj", "{27844D1F-5982-4761-B807-AAE549CF6448}"
EndProject
Project("{FAE04EC0-301F-11D3-BF4B-00C04F79EFBC}") = "dxf_order_view_sample", "samples\dxf_order_view_sample\dxf_order_view_sample.csproj", "{632C4E8E-8697-4D38-BBB5-D79A3617A7A1}"
EndProject
Project("{2150E333-8FDC-42A3-9474-1A3956D46DE8}") = "simple", "simple", "{DDFECF7B-B6B9-463D-8AF5-B4BE9E2623B7}"
EndProject
Project("{FAE04EC0-301F-11D3-BF4B-00C04F79EFBC}") = "PrintQuoteEvents", "samples\simple\PrintQuoteEvents\PrintQuoteEvents.csproj", "{903539CC-7B47-4D18-986B-DB3BD332D10F}"
EndProject
Project("{2150E333-8FDC-42A3-9474-1A3956D46DE8}") = "api", "api", "{0F50A097-DE2C-40FD-82AC-A1928F03018B}"
EndProject
Project("{FAE04EC0-301F-11D3-BF4B-00C04F79EFBC}") = "DXFeedSample", "samples\api\DXFeedSample\DXFeedSample.csproj", "{96162370-3CAD-433E-83D9-82ACE97FCC87}"
EndProject
Project("{2150E333-8FDC-42A3-9474-1A3956D46DE8}") = "ipf", "ipf", "{DA454ADE-5D04-4707-8CA3-7B22BF6D1315}"
EndProject
Project("{FAE04EC0-301F-11D3-BF4B-00C04F79EFBC}") = "DXFeedIpfConnect", "samples\ipf\DXFeedIpfConnect\DXFeedIpfConnect.csproj", "{25B953B3-1722-4E73-850E-3B2D0511F906}"
EndProject
Project("{FAE04EC0-301F-11D3-BF4B-00C04F79EFBC}") = "DXFeedConnect", "samples\api\DXFeedConnect\DXFeedConnect.csproj", "{5498F40B-C151-48B0-8A09-124AE2EDE004}"
EndProject
Project("{FAE04EC0-301F-11D3-BF4B-00C04F79EFBC}") = "FetchDailyCandles", "samples\simple\FetchDailyCandles\FetchDailyCandles.csproj", "{5338AE5A-D2FC-47E7-9F8E-3AD751FBD402}"
	ProjectSection(ProjectDependencies) = postProject
		{D56EED21-EE2C-441C-B0D5-E85F10436CEA} = {D56EED21-EE2C-441C-B0D5-E85F10436CEA}
		{F0E087DF-6C09-42FF-90FF-A470B3391F76} = {F0E087DF-6C09-42FF-90FF-A470B3391F76}
	EndProjectSection
EndProject
Project("{2150E333-8FDC-42A3-9474-1A3956D46DE8}") = "console", "console", "{6B8F2FA8-31BA-4C00-B51F-4318D0DF836A}"
EndProject
Project("{FAE04EC0-301F-11D3-BF4B-00C04F79EFBC}") = "LastEventsConsole", "samples\console\LastEventConsole\LastEventsConsole.csproj", "{80F95937-90E1-4266-9EC4-9A5646A01AC3}"
EndProject
Project("{FAE04EC0-301F-11D3-BF4B-00C04F79EFBC}") = "dxf_promises_sample", "samples\dxf_promises_sample\dxf_promises_sample.csproj", "{83FF50AF-8F5F-49EA-BB68-2329F9E5DB65}"
EndProject
Global
	GlobalSection(SolutionConfigurationPlatforms) = preSolution
		Debug|Any CPU = Debug|Any CPU
		Release|Any CPU = Release|Any CPU
	EndGlobalSection
	GlobalSection(ProjectConfigurationPlatforms) = postSolution
		{D56EED21-EE2C-441C-B0D5-E85F10436CEA}.Debug|Any CPU.ActiveCfg = Debug|Any CPU
		{D56EED21-EE2C-441C-B0D5-E85F10436CEA}.Debug|Any CPU.Build.0 = Debug|Any CPU
		{D56EED21-EE2C-441C-B0D5-E85F10436CEA}.Release|Any CPU.ActiveCfg = Release|Any CPU
		{D56EED21-EE2C-441C-B0D5-E85F10436CEA}.Release|Any CPU.Build.0 = Release|Any CPU
		{F0E087DF-6C09-42FF-90FF-A470B3391F76}.Debug|Any CPU.ActiveCfg = Debug|Any CPU
		{F0E087DF-6C09-42FF-90FF-A470B3391F76}.Debug|Any CPU.Build.0 = Debug|Any CPU
		{F0E087DF-6C09-42FF-90FF-A470B3391F76}.Release|Any CPU.ActiveCfg = Release|Any CPU
		{F0E087DF-6C09-42FF-90FF-A470B3391F76}.Release|Any CPU.Build.0 = Release|Any CPU
		{4CEB9C5E-9D03-4383-BD96-5FD085AF3263}.Debug|Any CPU.ActiveCfg = Debug|Any CPU
		{4CEB9C5E-9D03-4383-BD96-5FD085AF3263}.Debug|Any CPU.Build.0 = Debug|Any CPU
		{4CEB9C5E-9D03-4383-BD96-5FD085AF3263}.Release|Any CPU.ActiveCfg = Release|Any CPU
		{4CEB9C5E-9D03-4383-BD96-5FD085AF3263}.Release|Any CPU.Build.0 = Release|Any CPU
		{45D91ED6-CB30-41F0-832C-04AFBCED76F1}.Debug|Any CPU.ActiveCfg = Debug|Any CPU
		{45D91ED6-CB30-41F0-832C-04AFBCED76F1}.Debug|Any CPU.Build.0 = Debug|Any CPU
		{45D91ED6-CB30-41F0-832C-04AFBCED76F1}.Release|Any CPU.ActiveCfg = Release|Any CPU
		{204B8B89-5F49-42B0-913C-D0CFC6E5F7D2}.Debug|Any CPU.ActiveCfg = Debug|Any CPU
		{204B8B89-5F49-42B0-913C-D0CFC6E5F7D2}.Debug|Any CPU.Build.0 = Debug|Any CPU
		{204B8B89-5F49-42B0-913C-D0CFC6E5F7D2}.Release|Any CPU.ActiveCfg = Release|Any CPU
		{204B8B89-5F49-42B0-913C-D0CFC6E5F7D2}.Release|Any CPU.Build.0 = Release|Any CPU
		{86D53D61-BEB0-41D9-A4B1-E3D89A260D65}.Debug|Any CPU.ActiveCfg = Debug|Any CPU
		{86D53D61-BEB0-41D9-A4B1-E3D89A260D65}.Debug|Any CPU.Build.0 = Debug|Any CPU
		{86D53D61-BEB0-41D9-A4B1-E3D89A260D65}.Release|Any CPU.ActiveCfg = Release|Any CPU
		{86D53D61-BEB0-41D9-A4B1-E3D89A260D65}.Release|Any CPU.Build.0 = Release|Any CPU
		{82A45A60-DA2A-4A38-A961-F110F6B70900}.Debug|Any CPU.ActiveCfg = Debug|Any CPU
		{82A45A60-DA2A-4A38-A961-F110F6B70900}.Debug|Any CPU.Build.0 = Debug|Any CPU
		{82A45A60-DA2A-4A38-A961-F110F6B70900}.Release|Any CPU.ActiveCfg = Release|Any CPU
		{82A45A60-DA2A-4A38-A961-F110F6B70900}.Release|Any CPU.Build.0 = Release|Any CPU
		{7ABE7433-BD9A-4455-89D1-6CF46853C40C}.Debug|Any CPU.ActiveCfg = Debug|Any CPU
		{7ABE7433-BD9A-4455-89D1-6CF46853C40C}.Debug|Any CPU.Build.0 = Debug|Any CPU
		{7ABE7433-BD9A-4455-89D1-6CF46853C40C}.Release|Any CPU.ActiveCfg = Release|Any CPU
		{7ABE7433-BD9A-4455-89D1-6CF46853C40C}.Release|Any CPU.Build.0 = Release|Any CPU
		{93A06E32-50A6-4071-883B-34B5C3EDAE55}.Debug|Any CPU.ActiveCfg = Debug|Any CPU
		{93A06E32-50A6-4071-883B-34B5C3EDAE55}.Debug|Any CPU.Build.0 = Debug|Any CPU
		{93A06E32-50A6-4071-883B-34B5C3EDAE55}.Release|Any CPU.ActiveCfg = Release|Any CPU
		{93A06E32-50A6-4071-883B-34B5C3EDAE55}.Release|Any CPU.Build.0 = Release|Any CPU
		{27844D1F-5982-4761-B807-AAE549CF6448}.Debug|Any CPU.ActiveCfg = Debug|Any CPU
		{27844D1F-5982-4761-B807-AAE549CF6448}.Debug|Any CPU.Build.0 = Debug|Any CPU
		{27844D1F-5982-4761-B807-AAE549CF6448}.Release|Any CPU.ActiveCfg = Release|Any CPU
		{27844D1F-5982-4761-B807-AAE549CF6448}.Release|Any CPU.Build.0 = Release|Any CPU
		{632C4E8E-8697-4D38-BBB5-D79A3617A7A1}.Debug|Any CPU.ActiveCfg = Debug|Any CPU
		{632C4E8E-8697-4D38-BBB5-D79A3617A7A1}.Debug|Any CPU.Build.0 = Debug|Any CPU
		{632C4E8E-8697-4D38-BBB5-D79A3617A7A1}.Release|Any CPU.ActiveCfg = Release|Any CPU
		{632C4E8E-8697-4D38-BBB5-D79A3617A7A1}.Release|Any CPU.Build.0 = Release|Any CPU
		{903539CC-7B47-4D18-986B-DB3BD332D10F}.Debug|Any CPU.ActiveCfg = Debug|Any CPU
		{903539CC-7B47-4D18-986B-DB3BD332D10F}.Debug|Any CPU.Build.0 = Debug|Any CPU
		{903539CC-7B47-4D18-986B-DB3BD332D10F}.Release|Any CPU.ActiveCfg = Release|Any CPU
		{903539CC-7B47-4D18-986B-DB3BD332D10F}.Release|Any CPU.Build.0 = Release|Any CPU
		{96162370-3CAD-433E-83D9-82ACE97FCC87}.Debug|Any CPU.ActiveCfg = Debug|Any CPU
		{96162370-3CAD-433E-83D9-82ACE97FCC87}.Debug|Any CPU.Build.0 = Debug|Any CPU
		{96162370-3CAD-433E-83D9-82ACE97FCC87}.Release|Any CPU.ActiveCfg = Release|Any CPU
		{96162370-3CAD-433E-83D9-82ACE97FCC87}.Release|Any CPU.Build.0 = Release|Any CPU
		{25B953B3-1722-4E73-850E-3B2D0511F906}.Debug|Any CPU.ActiveCfg = Debug|Any CPU
		{25B953B3-1722-4E73-850E-3B2D0511F906}.Debug|Any CPU.Build.0 = Debug|Any CPU
		{25B953B3-1722-4E73-850E-3B2D0511F906}.Release|Any CPU.ActiveCfg = Release|Any CPU
		{25B953B3-1722-4E73-850E-3B2D0511F906}.Release|Any CPU.Build.0 = Release|Any CPU
		{5498F40B-C151-48B0-8A09-124AE2EDE004}.Debug|Any CPU.ActiveCfg = Debug|Any CPU
		{5498F40B-C151-48B0-8A09-124AE2EDE004}.Debug|Any CPU.Build.0 = Debug|Any CPU
		{5498F40B-C151-48B0-8A09-124AE2EDE004}.Release|Any CPU.ActiveCfg = Release|Any CPU
		{5498F40B-C151-48B0-8A09-124AE2EDE004}.Release|Any CPU.Build.0 = Release|Any CPU
		{5338AE5A-D2FC-47E7-9F8E-3AD751FBD402}.Debug|Any CPU.ActiveCfg = Debug|Any CPU
		{5338AE5A-D2FC-47E7-9F8E-3AD751FBD402}.Debug|Any CPU.Build.0 = Debug|Any CPU
		{5338AE5A-D2FC-47E7-9F8E-3AD751FBD402}.Release|Any CPU.ActiveCfg = Release|Any CPU
		{5338AE5A-D2FC-47E7-9F8E-3AD751FBD402}.Release|Any CPU.Build.0 = Release|Any CPU
		{80F95937-90E1-4266-9EC4-9A5646A01AC3}.Debug|Any CPU.ActiveCfg = Debug|Any CPU
		{80F95937-90E1-4266-9EC4-9A5646A01AC3}.Debug|Any CPU.Build.0 = Debug|Any CPU
		{80F95937-90E1-4266-9EC4-9A5646A01AC3}.Release|Any CPU.ActiveCfg = Release|Any CPU
		{80F95937-90E1-4266-9EC4-9A5646A01AC3}.Release|Any CPU.Build.0 = Release|Any CPU
		{83FF50AF-8F5F-49EA-BB68-2329F9E5DB65}.Debug|Any CPU.ActiveCfg = Debug|Any CPU
		{83FF50AF-8F5F-49EA-BB68-2329F9E5DB65}.Debug|Any CPU.Build.0 = Debug|Any CPU
		{83FF50AF-8F5F-49EA-BB68-2329F9E5DB65}.Release|Any CPU.ActiveCfg = Release|Any CPU
		{83FF50AF-8F5F-49EA-BB68-2329F9E5DB65}.Release|Any CPU.Build.0 = Release|Any CPU
	EndGlobalSection
	GlobalSection(SolutionProperties) = preSolution
		HideSolutionNode = FALSE
	EndGlobalSection
	GlobalSection(NestedProjects) = preSolution
		{204B8B89-5F49-42B0-913C-D0CFC6E5F7D2} = {4C3AA050-1D5F-43C7-90B1-95D04B6763C8}
		{86D53D61-BEB0-41D9-A4B1-E3D89A260D65} = {4C3AA050-1D5F-43C7-90B1-95D04B6763C8}
		{82A45A60-DA2A-4A38-A961-F110F6B70900} = {4C3AA050-1D5F-43C7-90B1-95D04B6763C8}
		{7ABE7433-BD9A-4455-89D1-6CF46853C40C} = {4C3AA050-1D5F-43C7-90B1-95D04B6763C8}
		{93A06E32-50A6-4071-883B-34B5C3EDAE55} = {4C3AA050-1D5F-43C7-90B1-95D04B6763C8}
		{27844D1F-5982-4761-B807-AAE549CF6448} = {4C3AA050-1D5F-43C7-90B1-95D04B6763C8}
		{632C4E8E-8697-4D38-BBB5-D79A3617A7A1} = {4C3AA050-1D5F-43C7-90B1-95D04B6763C8}
		{DDFECF7B-B6B9-463D-8AF5-B4BE9E2623B7} = {4C3AA050-1D5F-43C7-90B1-95D04B6763C8}
		{903539CC-7B47-4D18-986B-DB3BD332D10F} = {DDFECF7B-B6B9-463D-8AF5-B4BE9E2623B7}
		{0F50A097-DE2C-40FD-82AC-A1928F03018B} = {4C3AA050-1D5F-43C7-90B1-95D04B6763C8}
		{96162370-3CAD-433E-83D9-82ACE97FCC87} = {0F50A097-DE2C-40FD-82AC-A1928F03018B}
		{DA454ADE-5D04-4707-8CA3-7B22BF6D1315} = {4C3AA050-1D5F-43C7-90B1-95D04B6763C8}
		{25B953B3-1722-4E73-850E-3B2D0511F906} = {DA454ADE-5D04-4707-8CA3-7B22BF6D1315}
		{5498F40B-C151-48B0-8A09-124AE2EDE004} = {0F50A097-DE2C-40FD-82AC-A1928F03018B}
		{5338AE5A-D2FC-47E7-9F8E-3AD751FBD402} = {DDFECF7B-B6B9-463D-8AF5-B4BE9E2623B7}
		{6B8F2FA8-31BA-4C00-B51F-4318D0DF836A} = {4C3AA050-1D5F-43C7-90B1-95D04B6763C8}
		{80F95937-90E1-4266-9EC4-9A5646A01AC3} = {6B8F2FA8-31BA-4C00-B51F-4318D0DF836A}
		{83FF50AF-8F5F-49EA-BB68-2329F9E5DB65} = {4C3AA050-1D5F-43C7-90B1-95D04B6763C8}
	EndGlobalSection
EndGlobal
