
Microsoft Visual Studio Solution File, Format Version 12.00
# Visual Studio 14
VisualStudioVersion = 14.0.25420.1
MinimumVisualStudioVersion = 10.0.40219.1
Project("{FAE04EC0-301F-11D3-BF4B-00C04F79EFBC}") = "dxf_native", "dxf_native\dxf_native.csproj", "{D56EED21-EE2C-441C-B0D5-E85F10436CEA}"
EndProject
Project("{FAE04EC0-301F-11D3-BF4B-00C04F79EFBC}") = "dxf_api", "dxf_api\dxf_api.csproj", "{F0E087DF-6C09-42FF-90FF-A470B3391F76}"
EndProject
Project("{FAE04EC0-301F-11D3-BF4B-00C04F79EFBC}") = "dxf_tests", "dxf_tests\dxf_tests.csproj", "{4CEB9C5E-9D03-4383-BD96-5FD085AF3263}"
EndProject
Project("{2150E333-8FDC-42A3-9474-1A3956D46DE8}") = ".nuget", ".nuget", "{A9A4BCC7-EA34-4302-B8E3-993E26F746C9}"
	ProjectSection(SolutionItems) = preProject
		.nuget\packages.config = .nuget\packages.config
	EndProjectSection
EndProject
Project("{FAE04EC0-301F-11D3-BF4B-00C04F79EFBC}") = "dxf_client", "dxf_client\dxf_client.csproj", "{45D91ED6-CB30-41F0-832C-04AFBCED76F1}"
EndProject
Project("{2150E333-8FDC-42A3-9474-1A3956D46DE8}") = "samples", "samples", "{4C3AA050-1D5F-43C7-90B1-95D04B6763C8}"
EndProject
Project("{FAE04EC0-301F-11D3-BF4B-00C04F79EFBC}") = "dxf_instrument_profile_sample", "samples\dxf_instrument_profile_sample\dxf_instrument_profile_sample.csproj", "{204B8B89-5F49-42B0-913C-D0CFC6E5F7D2}"
EndProject
Project("{FAE04EC0-301F-11D3-BF4B-00C04F79EFBC}") = "dxf_candle_sample", "samples\dxf_candle_sample\dxf_candle_sample.csproj", "{86D53D61-BEB0-41D9-A4B1-E3D89A260D65}"
EndProject
Project("{FAE04EC0-301F-11D3-BF4B-00C04F79EFBC}") = "dxf_snapshot_sample", "samples\dxf_snapshot_sample\dxf_snapshot_sample.csproj", "{82A45A60-DA2A-4A38-A961-F110F6B70900}"
EndProject
Project("{FAE04EC0-301F-11D3-BF4B-00C04F79EFBC}") = "dxf_events_sample", "samples\dxf_events_sample\dxf_events_sample.csproj", "{7ABE7433-BD9A-4455-89D1-6CF46853C40C}"
EndProject
Project("{FAE04EC0-301F-11D3-BF4B-00C04F79EFBC}") = "dxf_instrument_profile_live_sample", "samples\dxf_instrument_profile_live_sample\dxf_instrument_profile_live_sample.csproj", "{93A06E32-50A6-4071-883B-34B5C3EDAE55}"
EndProject
Project("{FAE04EC0-301F-11D3-BF4B-00C04F79EFBC}") = "dxf_option_chain_sample", "samples\dxf_option_chain_sample\dxf_option_chain_sample.csproj", "{27844D1F-5982-4761-B807-AAE549CF6448}"
EndProject
Project("{FAE04EC0-301F-11D3-BF4B-00C04F79EFBC}") = "dxf_order_view_sample", "samples\dxf_order_view_sample\dxf_order_view_sample.csproj", "{632C4E8E-8697-4D38-BBB5-D79A3617A7A1}"
EndProject
Global
	GlobalSection(SolutionConfigurationPlatforms) = preSolution
		Debug|Any CPU = Debug|Any CPU
		Release|Any CPU = Release|Any CPU
	EndGlobalSection
	GlobalSection(ProjectConfigurationPlatforms) = postSolution
		{D56EED21-EE2C-441C-B0D5-E85F10436CEA}.Debug|Any CPU.ActiveCfg = Debug|Any CPU
		{D56EED21-EE2C-441C-B0D5-E85F10436CEA}.Debug|Any CPU.Build.0 = Debug|Any CPU
		{D56EED21-EE2C-441C-B0D5-E85F10436CEA}.Release|Any CPU.ActiveCfg = Release|Any CPU
		{D56EED21-EE2C-441C-B0D5-E85F10436CEA}.Release|Any CPU.Build.0 = Release|Any CPU
		{F0E087DF-6C09-42FF-90FF-A470B3391F76}.Debug|Any CPU.ActiveCfg = Debug|Any CPU
		{F0E087DF-6C09-42FF-90FF-A470B3391F76}.Debug|Any CPU.Build.0 = Debug|Any CPU
		{F0E087DF-6C09-42FF-90FF-A470B3391F76}.Release|Any CPU.ActiveCfg = Release|Any CPU
		{F0E087DF-6C09-42FF-90FF-A470B3391F76}.Release|Any CPU.Build.0 = Release|Any CPU
		{4CEB9C5E-9D03-4383-BD96-5FD085AF3263}.Debug|Any CPU.ActiveCfg = Debug|Any CPU
		{4CEB9C5E-9D03-4383-BD96-5FD085AF3263}.Debug|Any CPU.Build.0 = Debug|Any CPU
		{4CEB9C5E-9D03-4383-BD96-5FD085AF3263}.Release|Any CPU.ActiveCfg = Release|Any CPU
		{4CEB9C5E-9D03-4383-BD96-5FD085AF3263}.Release|Any CPU.Build.0 = Release|Any CPU
		{45D91ED6-CB30-41F0-832C-04AFBCED76F1}.Debug|Any CPU.ActiveCfg = Debug|Any CPU
		{45D91ED6-CB30-41F0-832C-04AFBCED76F1}.Debug|Any CPU.Build.0 = Debug|Any CPU
		{45D91ED6-CB30-41F0-832C-04AFBCED76F1}.Release|Any CPU.ActiveCfg = Release|Any CPU
		{204B8B89-5F49-42B0-913C-D0CFC6E5F7D2}.Debug|Any CPU.ActiveCfg = Debug|Any CPU
		{204B8B89-5F49-42B0-913C-D0CFC6E5F7D2}.Debug|Any CPU.Build.0 = Debug|Any CPU
		{204B8B89-5F49-42B0-913C-D0CFC6E5F7D2}.Release|Any CPU.ActiveCfg = Release|Any CPU
		{204B8B89-5F49-42B0-913C-D0CFC6E5F7D2}.Release|Any CPU.Build.0 = Release|Any CPU
		{86D53D61-BEB0-41D9-A4B1-E3D89A260D65}.Debug|Any CPU.ActiveCfg = Debug|Any CPU
		{86D53D61-BEB0-41D9-A4B1-E3D89A260D65}.Debug|Any CPU.Build.0 = Debug|Any CPU
		{86D53D61-BEB0-41D9-A4B1-E3D89A260D65}.Release|Any CPU.ActiveCfg = Release|Any CPU
		{86D53D61-BEB0-41D9-A4B1-E3D89A260D65}.Release|Any CPU.Build.0 = Release|Any CPU
		{82A45A60-DA2A-4A38-A961-F110F6B70900}.Debug|Any CPU.ActiveCfg = Debug|Any CPU
		{82A45A60-DA2A-4A38-A961-F110F6B70900}.Debug|Any CPU.Build.0 = Debug|Any CPU
		{82A45A60-DA2A-4A38-A961-F110F6B70900}.Release|Any CPU.ActiveCfg = Release|Any CPU
		{82A45A60-DA2A-4A38-A961-F110F6B70900}.Release|Any CPU.Build.0 = Release|Any CPU
		{7ABE7433-BD9A-4455-89D1-6CF46853C40C}.Debug|Any CPU.ActiveCfg = Debug|Any CPU
		{7ABE7433-BD9A-4455-89D1-6CF46853C40C}.Debug|Any CPU.Build.0 = Debug|Any CPU
		{7ABE7433-BD9A-4455-89D1-6CF46853C40C}.Release|Any CPU.ActiveCfg = Release|Any CPU
		{7ABE7433-BD9A-4455-89D1-6CF46853C40C}.Release|Any CPU.Build.0 = Release|Any CPU
		{93A06E32-50A6-4071-883B-34B5C3EDAE55}.Debug|Any CPU.ActiveCfg = Debug|Any CPU
		{93A06E32-50A6-4071-883B-34B5C3EDAE55}.Debug|Any CPU.Build.0 = Debug|Any CPU
		{93A06E32-50A6-4071-883B-34B5C3EDAE55}.Release|Any CPU.ActiveCfg = Release|Any CPU
		{93A06E32-50A6-4071-883B-34B5C3EDAE55}.Release|Any CPU.Build.0 = Release|Any CPU
		{27844D1F-5982-4761-B807-AAE549CF6448}.Debug|Any CPU.ActiveCfg = Debug|Any CPU
		{27844D1F-5982-4761-B807-AAE549CF6448}.Debug|Any CPU.Build.0 = Debug|Any CPU
		{27844D1F-5982-4761-B807-AAE549CF6448}.Release|Any CPU.ActiveCfg = Release|Any CPU
		{27844D1F-5982-4761-B807-AAE549CF6448}.Release|Any CPU.Build.0 = Release|Any CPU
		{632C4E8E-8697-4D38-BBB5-D79A3617A7A1}.Debug|Any CPU.ActiveCfg = Debug|Any CPU
		{632C4E8E-8697-4D38-BBB5-D79A3617A7A1}.Debug|Any CPU.Build.0 = Debug|Any CPU
		{632C4E8E-8697-4D38-BBB5-D79A3617A7A1}.Release|Any CPU.ActiveCfg = Release|Any CPU
		{632C4E8E-8697-4D38-BBB5-D79A3617A7A1}.Release|Any CPU.Build.0 = Release|Any CPU
	EndGlobalSection
	GlobalSection(SolutionProperties) = preSolution
		HideSolutionNode = FALSE
	EndGlobalSection
	GlobalSection(NestedProjects) = preSolution
		{204B8B89-5F49-42B0-913C-D0CFC6E5F7D2} = {4C3AA050-1D5F-43C7-90B1-95D04B6763C8}
		{86D53D61-BEB0-41D9-A4B1-E3D89A260D65} = {4C3AA050-1D5F-43C7-90B1-95D04B6763C8}
		{82A45A60-DA2A-4A38-A961-F110F6B70900} = {4C3AA050-1D5F-43C7-90B1-95D04B6763C8}
		{7ABE7433-BD9A-4455-89D1-6CF46853C40C} = {4C3AA050-1D5F-43C7-90B1-95D04B6763C8}
		{93A06E32-50A6-4071-883B-34B5C3EDAE55} = {4C3AA050-1D5F-43C7-90B1-95D04B6763C8}
		{27844D1F-5982-4761-B807-AAE549CF6448} = {4C3AA050-1D5F-43C7-90B1-95D04B6763C8}
		{632C4E8E-8697-4D38-BBB5-D79A3617A7A1} = {4C3AA050-1D5F-43C7-90B1-95D04B6763C8}
	EndGlobalSection
EndGlobal
